
Microsoft Visual Studio Solution File, Format Version 12.00
# Visual Studio Version 16
VisualStudioVersion = 16.0.31729.503
MinimumVisualStudioVersion = 10.0.40219.1
Project("{FAE04EC0-301F-11D3-BF4B-00C04F79EFBC}") = "Mohammed-Albeltagi-employees", "Mohammed-Albeltagi-employees.csproj", "{E507C081-72DE-4B74-970B-180BBB9B7299}"
EndProject
Global
	GlobalSection(SolutionConfigurationPlatforms) = preSolution
		Debug|Any CPU = Debug|Any CPU
		Release|Any CPU = Release|Any CPU
	EndGlobalSection
	GlobalSection(ProjectConfigurationPlatforms) = postSolution
		{E507C081-72DE-4B74-970B-180BBB9B7299}.Debug|Any CPU.ActiveCfg = Debug|Any CPU
		{E507C081-72DE-4B74-970B-180BBB9B7299}.Debug|Any CPU.Build.0 = Debug|Any CPU
		{E507C081-72DE-4B74-970B-180BBB9B7299}.Release|Any CPU.ActiveCfg = Release|Any CPU
		{E507C081-72DE-4B74-970B-180BBB9B7299}.Release|Any CPU.Build.0 = Release|Any CPU
	EndGlobalSection
	GlobalSection(SolutionProperties) = preSolution
		HideSolutionNode = FALSE
	EndGlobalSection
	GlobalSection(ExtensibilityGlobals) = postSolution
		SolutionGuid = {B6AA2065-703A-4F6C-A2D7-BC1811BF8A32}
	EndGlobalSection
EndGlobal
